
Microsoft Visual Studio Solution File, Format Version 12.00
# Visual Studio Version 16
VisualStudioVersion = 16.0.30204.135
MinimumVisualStudioVersion = 10.0.40219.1
Project("{FAE04EC0-301F-11D3-BF4B-00C04F79EFBC}") = "MvcMusicStore", "MvcMusicStore.csproj", "{D5445798-B8E4-44AD-BF87-71099D943A30}"
EndProject
Global
	GlobalSection(SolutionConfigurationPlatforms) = preSolution
		Debug|Any CPU = Debug|Any CPU
		Release|Any CPU = Release|Any CPU
	EndGlobalSection
	GlobalSection(ProjectConfigurationPlatforms) = postSolution
		{D5445798-B8E4-44AD-BF87-71099D943A30}.Debug|Any CPU.ActiveCfg = Debug|Any CPU
		{D5445798-B8E4-44AD-BF87-71099D943A30}.Debug|Any CPU.Build.0 = Debug|Any CPU
		{D5445798-B8E4-44AD-BF87-71099D943A30}.Release|Any CPU.ActiveCfg = Release|Any CPU
		{D5445798-B8E4-44AD-BF87-71099D943A30}.Release|Any CPU.Build.0 = Release|Any CPU
	EndGlobalSection
	GlobalSection(SolutionProperties) = preSolution
		HideSolutionNode = FALSE
	EndGlobalSection
	GlobalSection(ExtensibilityGlobals) = postSolution
		SolutionGuid = {8E0C0AD1-2316-4AE1-B396-8954C5C1E296}
	EndGlobalSection
EndGlobal
